github.com/diamondburned/adaptive v0.0.2-0.20220112080859-3636e96e0c60 h1:lMJeMZfz3mnc6rLn45N1oWC30ubrwouhj5m1at5KQkg=
github.com/diamondburned/adaptive v0.0.2-0.20220112080859-3636e96e0c60/go.mod h1:1bhSWaLf1C6TPd4YvkIvlPVkDKOXQZILBoWO0rWf9Jg=
github.com/diamondburned/adaptive v0.0.2-0.20220702224028-149d571b03b4 h1:Vgfezn5Y6O5Oowo6wbPYLLt4LlDuJdASRcnVriTqSMs=
github.com/diamondburned/adaptive v0.0.2-0.20220702224028-149d571b03b4/go.mod h1:cLoCdQtpCp/TSJBJTgXe7W2FJNelXrmPv+X7luB6/Qg=
github.com/diamondburned/gotk4-examples/gtk4/hackernews v0.0.0-20220331164104-c1a613899008 h1:oJGmpfn9IoR8WI7Y7MbVTFdDC7T1AomJda1iPZTjSr4=
github.com/diamondburned/gotk4-examples/gtk4/hackernews v0.0.0-20220331164104-c1a613899008/go.mod h1:/u6tQk4AqUPo2+e6uWiCRrf3+r7mfbpKo+cjwuWeRK0=
github.com/diamondburned/gotk4/pkg v0.0.0-20220725071938-a40a809cc7a4 h1:+5i5G0rVOMIufreJCByFnhiL6sUkRZiWmNlX4LEqWvA=
github.com/diamondburned/gotk4/pkg v0.0.0-20220725071938-a40a809cc7a4/go.mod h1:pjOFSZWuNWiBwEqt+4/zfPr1JsNWY43h4B81ht3S3Ag=
github.com/dustin/go-humanize v1.0.0 h1:VSnTsYCnlFHaM2/igO1h6X3HA71jcobQuxemgkq4zYo=
github.com/dustin/go-humanize v1.0.0/go.mod h1:HtrtbFcZ19U5GC7JDqmcUSB87Iq5E25KnS6fMYU6eOk=
go4.org/unsafe/assume-no-moving-gc v0.0.0-20211027215541-db492cf91b37 h1:Tx9kY6yUkLge/pFG7IEMwDZy6CS2ajFc9TvQdPCW0uA=
go4.org/unsafe/assume-no-moving-gc v0.0.0-20211027215541-db492cf91b37/go.mod h1:FftLjUGFEDu5k8lt0ddY+HcrH/qU/0qk+H8j9/nTl3E=
go4.org/unsafe/assume-no-moving-gc v0.0.0-20220617031537-928513b29760 h1:FyBZqvoA/jbNzuAWLQE2kG820zMAkcilx6BMjGbL/E4=
go4.org/unsafe/assume-no-moving-gc v0.0.0-20220617031537-928513b29760/go.mod h1:FftLjUGFEDu5k8lt0ddY+HcrH/qU/0qk+H8j9/nTl3E=
golang.org/x/net v0.0.0-20220809184613-07c6da5e1ced h1:3dYNDff0VT5xj+mbj2XucFst9WKk6PdGOrb9n+SbIvw=
golang.org/x/net v0.0.0-20220809184613-07c6da5e1ced/go.mod h1:YDH+HFinaLZZlnHAfSS6ZXJJ9M9t4Dl22yv3iI2vPwk=
golang.org/x/sync v0.0.0-20220722155255-886fb9371eb4 h1:uVc8UZUe6tr40fFVnUP5Oj+veunVezqYl9z7DYw9xzw=
golang.org/x/sync v0.0.0-20220722155255-886fb9371eb4/go.mod h1:RxMgew5VJxzue5/jJTE5uejpjVlOe/izrB70Jof72aM=
